version = 1
revision = 3
requires-python = ">=3.13"

[[package]]
name = "duckdb"
version = "1.5.5"
source = { registry = "https://pypi.org/simple" }
sdist = { url = "https://files.pythonhosted.org/packages/7d/19/e57151753576373c6696a12022648546cca6038e8833fda2908ee2342d9b/duckdb-1.5.5.tar.gz", hash = "sha256:72f33ee57ca7595b23957671a2cc7f7fe2be0ecc2d68f63abedcfcaa3a5c1238", size = 18066741, upload-time = "2026-07-22T10:55:17.819Z" }
wheels = [
    { url = "https://files.pythonhosted.org/packages/47/37/4a38116e7700720fd152c666292214fd3abdf916496991296d8d1f66efbf/duckdb-1.5.5-cp313-cp313-macosx_10_13_universal2.whl", hash = "sha256:cd98829b67788609017e65c761bd42a5dd0f9129441bed8bda4d6881ccf819f0", size = 32754294, upload-time = "2026-07-22T10:54:29.822Z" },
    { url = "https://files.pythonhosted.org/packages/66/42/7d392f1ba1eee0eaf4ab4c8c7a604bfe3536cd63f979cf5c98798664f807/duckdb-1.5.5-cp313-cp313-macosx_10_13_x86_64.whl", hash = "sha256:feead93c56679b79592d437c62975d39cb67adedffa7592c763baf8160ac7366", size = 17368211, upload-time = "2026-07-22T10:54:33.359Z" },
    { url = "https://files.pythonhosted.org/packages/9f/a5/0a6f4fa60562faa615e55e15bd1953a2f2b17a8edd8105e5cda215e43457/duckdb-1.5.5-cp313-cp313-macosx_11_0_arm64.whl", hash = "sha256:49c963d9469373d7aba8d750d9ea565ab823e94166efed953f184dd9b169b98c", size = 15509136, upload-time = "2026-07-22T10:54:36.369Z" },
    { url = "https://files.pythonhosted.org/packages/e4/cb/023c89f51978545b9fab318581bba0c457a58e7530d2d933e54ae7d8647c/duckdb-1.5.5-cp313-cp313-manylinux_2_26_aarch64.manylinux_2_28_aarch64.whl", hash = "sha256:a736217825461732b5442d05a220f3da2e23a0dae114efbf08c9bf171b53098a", size = 19392147, upload-time = "2026-07-22T10:54:39.551Z" },
    { url = "https://files.pythonhosted.org/packages/3e/c5/41bef391fb8b23dbc133c9f2ba016e7a7a8124513d2cc1b430f1897d87e4/duckdb-1.5.5-cp313-cp313-manylinux_2_26_x86_64.manylinux_2_28_x86_64.whl", hash = "sha256:078e6a60dd8eedde5832f45422ca5c4a6b8c837aeabd8a56ca0b7d933f588053", size = 21511060, upload-time = "2026-07-22T10:54:42.788Z" },
    { url = "https://files.pythonhosted.org/packages/07/9f/c44dfc1f924ac29b3252dc1b91393c01d009dbfe9f8ed33f10b986151bd1/duckdb-1.5.5-cp313-cp313-win_amd64.whl", hash = "sha256:6826504277dba513c0c5d71d828456c94d729c9d2482f94b2e289f90a9167e28", size = 13168028, upload-time = "2026-07-22T10:54:46.127Z" },
    { url = "https://files.pythonhosted.org/packages/ca/88/591384b2cd59abddd6f5dc175e60374f9abae6064429f0c4402854c10f44/duckdb-1.5.5-cp313-cp313-win_arm64.whl", hash = "sha256:baa9c5702002fabb559ded2a39008f9f421fcbc7237d388b8213eff1e08858de", size = 13989955, upload-time = "2026-07-22T10:54:49.262Z" },
    { url = "https://files.pythonhosted.org/packages/3e/56/12c65bfa2d2605b81981b264788891bcf11ec72227889554cead5d8d13b9/duckdb-1.5.5-cp314-cp314-macosx_10_15_universal2.whl", hash = "sha256:8e6413dd40facb7b8ab21bd844450cd8f549b29e138635be9cf090ef4d2049e2", size = 32761946, upload-time = "2026-07-22T10:54:53.412Z" },
    { url = "https://files.pythonhosted.org/packages/b9/46/682ce155f17e0d2822d4f13ee3db9ca4b5b7c2da61b841b2629035e1f4bc/duckdb-1.5.5-cp314-cp314-macosx_10_15_x86_64.whl", hash = "sha256:64078acfd16541132ac6e191eb81b2845554444a0305cc1aa581ba107e514aa8", size = 17375069, upload-time = "2026-07-22T10:54:57.269Z" },
    { url = "https://files.pythonhosted.org/packages/39/ce/a24bcbd3289c8f305a430759c5fc12242740b4af3e17f7593f3a34e333d2/duckdb-1.5.5-cp314-cp314-macosx_11_0_arm64.whl", hash = "sha256:8c11775cc99a447618d5f1840126db17f2652f3eae05529df4f81f40e2df7151", size = 15519791, upload-time = "2026-07-22T10:55:00.681Z" },
    { url = "https://files.pythonhosted.org/packages/d9/76/3a01afbc615c1d418c0de58a6b68ac5ce2a8563232c0464bfbc2ce552398/duckdb-1.5.5-cp314-cp314-manylinux_2_26_aarch64.manylinux_2_28_aarch64.whl", hash = "sha256:77bbc1e6ba12e1e06f9020117bdf848627ecfdf36f907550e62e008e6109dece", size = 19398251, upload-time = "2026-07-22T10:55:04.168Z" },
    { url = "https://files.pythonhosted.org/packages/a1/43/3a5e81d1728f4d234c79bfe385808ee7c04834f7c37a4b5c257459c25614/duckdb-1.5.5-cp314-cp314-manylinux_2_26_x86_64.manylinux_2_28_x86_64.whl", hash = "sha256:fbf0f2d48b43c6c304d00463b463c27ead6c4b01c3c1816b750f728decf71afe", size = 21513851, upload-time = "2026-07-22T10:55:07.864Z" },
    { url = "https://files.pythonhosted.org/packages/91/41/fc7c829172c60ca22485251eab285f4f1a0d87b486a024c726f21471d86e/duckdb-1.5.5-cp314-cp314-win_amd64.whl", hash = "sha256:9dc826c4b50e64f6c4e4d07a3a9cb075ef70ba3899dc43ec5493dc3d7b04b353", size = 13691858, upload-time = "2026-07-22T10:55:11.181Z" },
    { url = "https://files.pythonhosted.org/packages/e1/2c/95d9216b79e9273689d7ebce125a54503ed0c9bd7da931f0265888e99779/duckdb-1.5.5-cp314-cp314-win_arm64.whl", hash = "sha256:63e48d4b74b15aeacd688976432a7225163df8c226eddeb8536bba2d4d4ff433", size = 14470180, upload-time = "2026-07-22T10:55:14.445Z" },
]

[[package]]
name = "ruff"
version = "0.16.8"
source = { registry = "https://pypi.org/simple" }
sdist = { url = "https://files.pythonhosted.org/packages/ba/78/449cb84790bd5cc3823b2652ee405a4558856e5c4195aee3a16bf7b3eb5d/ruff-0.16.8.tar.gz", hash = "sha256:9247bf92b5f04d825c8639a4fe423ec2e4222acd9222e58412b0dab7e442798b", size = 4938814, upload-time = "2026-09-16T15:54:46.688Z" }
wheels = [
    { url = "https://files.pythonhosted.org/packages/ac/25/6071aabc530e9be7e2c195e8fe3f7aea2735405b6cf447212832d7811831/ruff-0.16.8-py3-none-linux_armv6l.whl", hash = "sha256:6ffbd6d87383c1edf5f6fa890f10200950240d7c1a16052a19a09d3a2307dd38", size = 10048966, upload-time = "2026-09-16T15:53:57.605Z" },
    { url = "https://files.pythonhosted.org/packages/54/98/07f90ecbc74dd5fb5764f11f2bc774d6a7cffef92d2ff5f5b4e9e23c754e/ruff-0.16.8-py3-none-macosx_10_12_x86_64.whl", hash = "sha256:42ed6b878ed61e3acca92f2730a17acff39286944ea82398544696366a6f925e", size = 10165498, upload-time = "2026-09-16T15:54:01.14Z" },
    { url = "https://files.pythonhosted.org/packages/fe/1f/e6a712e3b47cad4a40600134105ed193cb773f618a42eb7ba323cb812cc0/ruff-0.16.8-py3-none-macosx_11_0_arm64.whl", hash = "sha256:7ea781c7f2afba8c6a505ea0fb3f994020249e0c450635f5381286fea6b46170", size = 9830004, upload-time = "2026-09-16T15:54:03.998Z" },
    { url = "https://files.pythonhosted.org/packages/23/f2/311a08776d75d81c7676e20b6b020ae63cbe881fcdc7a8dd64e6e18bdd93/ruff-0.16.8-py3-none-manylinux_2_17_aarch64.manylinux2014_aarch64.whl", hash = "sha256:8efeae3bbe414a5efefda11a792dfb51ef90ac48d50c4830de2f644caf3e8659", size = 9986558, upload-time = "2026-09-16T15:54:06.804Z" },
    { url = "https://files.pythonhosted.org/packages/f3/ed/37b6cb3d3ba8c73e68ae3eb1d502383beb5aa05a582bb7bb3a922f929f54/ruff-0.16.8-py3-none-manylinux_2_17_armv7l.manylinux2014_armv7l.whl", hash = "sha256:3a79b795469fef7fc6e908b218eed2eb17332afd85031db6480dc864560e69b2", size = 9877332, upload-time = "2026-09-16T15:54:09.552Z" },
    { url = "https://files.pythonhosted.org/packages/22/cc/40873a8f36ad084cc540d55fcca7077264d5b13b24659e9180c176fb2b08/ruff-0.16.8-py3-none-manylinux_2_17_i686.manylinux2014_i686.whl", hash = "sha256:3fdc5563cdc50555e6fba39322850860e9267c1b3d12c26a74729d8604c3c812", size = 10507125, upload-time = "2026-09-16T15:54:12.152Z" },
    { url = "https://files.pythonhosted.org/packages/c3/e4/fc91a642b78ccbab6b9477720f3644ae7a10a9bcce69a934679cd64f62bc/ruff-0.16.8-py3-none-manylinux_2_17_ppc64le.manylinux2014_ppc64le.whl", hash = "sha256:34508983c70665578dab88f5223d8e6228307e1135398ca8bfc8b7e9501e282b", size = 11336694, upload-time = "2026-09-16T15:54:15.489Z" },
    { url = "https://files.pythonhosted.org/packages/c2/3d/bbd2a9a600a4e73dc3e7548a249c8d1671273464b55822c6fae50f602dff/ruff-0.16.8-py3-none-manylinux_2_17_s390x.manylinux2014_s390x.whl", hash = "sha256:644bb578569e0ffc575741232bd385dacdd6fbe123f1a729e7a225f54aa3957f", size = 10774448, upload-time = "2026-09-16T15:54:18.16Z" },
    { url = "https://files.pythonhosted.org/packages/1a/41/d83af9879a7b6e8bf5fe16b1da0b134049d2f5d3afac12defb0897cb84bd/ruff-0.16.8-py3-none-manylinux_2_17_x86_64.manylinux2014_x86_64.whl", hash = "sha256:15e7d226246961db9235098333caa13063906d3851136b84c2900b82f5daa1df", size = 10323796, upload-time = "2026-09-16T15:54:20.743Z" },
    { url = "https://files.pythonhosted.org/packages/f5/2c/cefd07bfe914b84943ea769ade8d607bd22750b965d3228eefd7cebd15d0/ruff-0.16.8-py3-none-manylinux_2_31_riscv64.whl", hash = "sha256:a2bf6bc3e9ebdd4449abc6f06cf64b98051a2c61cf94d2fe9596518c881f1a1e", size = 10514115, upload-time = "2026-09-16T15:54:23.497Z" },
    { url = "https://files.pythonhosted.org/packages/f3/9d/76a2e26c79a23be6e6e3664c57bec9e9fc8de155cfb9e4b67ea91b64f9d7/ruff-0.16.8-py3-none-musllinux_1_2_aarch64.whl", hash = "sha256:6ca111ba0849539165e9e59d2b442542f3c1e8060ebbdea82494f1ffbccb1e1f", size = 10072582, upload-time = "2026-09-16T15:54:26.185Z" },
    { url = "https://files.pythonhosted.org/packages/2e/d4/f42edddb39668af1a559ceafa3823aedd65633a48dc9768e775485faa2c1/ruff-0.16.8-py3-none-musllinux_1_2_armv7l.whl", hash = "sha256:359a1e5b495448ee1e91018064382ebc86f90e8aac2fed222c7d0e4e8df85fd2", size = 9879644, upload-time = "2026-09-16T15:54:29.278Z" },
    { url = "https://files.pythonhosted.org/packages/f8/d4/913e3195d95e0378786c6656945c865f534a3560e29139da4882aff630d1/ruff-0.16.8-py3-none-musllinux_1_2_i686.whl", hash = "sha256:59e8f5681349474110b24d62e93cfda6593f5fa3473446ca3705200cac1a08b9", size = 10231569, upload-time = "2026-09-16T15:54:32.036Z" },
    { url = "https://files.pythonhosted.org/packages/2b/c4/8aa6ea0bdcedbd1bf87397e2fc4ed8406448ea5842f8660bc6e5f163039d/ruff-0.16.8-py3-none-musllinux_1_2_x86_64.whl", hash = "sha256:efa3e7a16d1baaa79957888dfdf8be9ef2e44db81cb032af06d76632ab59e773", size = 10663666, upload-time = "2026-09-16T15:54:34.838Z" },
    { url = "https://files.pythonhosted.org/packages/3d/02/7f10ef4700bc223c30a3fdd10631a29830c45524b810a3c7ed947af64591/ruff-0.16.8-py3-none-win32.whl", hash = "sha256:55793ba85c69921e89be061426d91a78652d6e50317c962240922747a4eb713f", size = 10093472, upload-time = "2026-09-16T15:54:37.47Z" },
    { url = "https://files.pythonhosted.org/packages/1e/5d/a509c07d714b6da88f2c518b4637cf6f1d46b074be8f0f1e5fb9ff5126fe/ruff-0.16.8-py3-none-win_amd64.whl", hash = "sha256:a6b85621fd3c81e31fc5f5add09c9c078b430db3595ca632efafdec9e64ebfaa", size = 10586899, upload-time = "2026-09-16T15:54:40.488Z" },
    { url = "https://files.pythonhosted.org/packages/fe/a0/50787329e4f20bf9dc9f6230015d46ec69c51a97ace5bc202dae4755365d/ruff-0.16.8-py3-none-win_arm64.whl", hash = "sha256:d075e820af612102ce217f07cc93e69f9490b10ec13ea85fa87bd03d996cef8a", size = 10386316, upload-time = "2026-09-16T15:54:43.332Z" },
]

[[package]]
name = "swiss-rail-punctuality"
version = "0.1.0"
source = { editable = "." }
dependencies = [
    { name = "duckdb" },
]

[package.dev-dependencies]
dev = [
    { name = "ruff" },
]

[package.metadata]
requires-dist = [{ name = "duckdb", specifier = ">=1.5.5" }]

[package.metadata.requires-dev]
dev = [{ name = "ruff", specifier = ">=0.16.8" }]
